
Microsoft Visual Studio Solution File, Format Version 12.00
# Visual Studio Version 16
VisualStudioVersion = 25.0.1706.5
MinimumVisualStudioVersion = 10.0.40219.1
Project("{FAE04EC0-301F-11D3-BF4B-00C04F79EFBC}") = "API", "API\API.csproj", "{278FDD32-B6C1-4215-BB41-D77EC1BC77DB}"
EndProject
Project("{FAE04EC0-301F-11D3-BF4B-00C04F79EFBC}") = "Domain", "Domain\Domain.csproj", "{E2FEB79A-389D-44CE-A202-C111DC03E6C3}"
EndProject
Project("{FAE04EC0-301F-11D3-BF4B-00C04F79EFBC}") = "Application", "Application\Application.csproj", "{16A5E097-880A-4956-9156-4F05CE004124}"
EndProject
Global
	GlobalSection(SolutionConfigurationPlatforms) = preSolution
		Debug|Any CPU = Debug|Any CPU
		Release|Any CPU = Release|Any CPU
	EndGlobalSection
	GlobalSection(ProjectConfigurationPlatforms) = postSolution
		{278FDD32-B6C1-4215-BB41-D77EC1BC77DB}.Debug|Any CPU.ActiveCfg = Debug|Any CPU
		{278FDD32-B6C1-4215-BB41-D77EC1BC77DB}.Debug|Any CPU.Build.0 = Debug|Any CPU
		{278FDD32-B6C1-4215-BB41-D77EC1BC77DB}.Release|Any CPU.ActiveCfg = Release|Any CPU
		{278FDD32-B6C1-4215-BB41-D77EC1BC77DB}.Release|Any CPU.Build.0 = Release|Any CPU
		{E2FEB79A-389D-44CE-A202-C111DC03E6C3}.Debug|Any CPU.ActiveCfg = Debug|Any CPU
		{E2FEB79A-389D-44CE-A202-C111DC03E6C3}.Debug|Any CPU.Build.0 = Debug|Any CPU
		{E2FEB79A-389D-44CE-A202-C111DC03E6C3}.Release|Any CPU.ActiveCfg = Release|Any CPU
		{E2FEB79A-389D-44CE-A202-C111DC03E6C3}.Release|Any CPU.Build.0 = Release|Any CPU
		{16A5E097-880A-4956-9156-4F05CE004124}.Debug|Any CPU.ActiveCfg = Debug|Any CPU
		{16A5E097-880A-4956-9156-4F05CE004124}.Debug|Any CPU.Build.0 = Debug|Any CPU
		{16A5E097-880A-4956-9156-4F05CE004124}.Release|Any CPU.ActiveCfg = Release|Any CPU
		{16A5E097-880A-4956-9156-4F05CE004124}.Release|Any CPU.Build.0 = Release|Any CPU
	EndGlobalSection
	GlobalSection(SolutionProperties) = preSolution
		HideSolutionNode = FALSE
	EndGlobalSection
	GlobalSection(ExtensibilityGlobals) = postSolution
		SolutionGuid = {DA78F3A9-91AA-4506-B6B6-E927074ED609}
	EndGlobalSection
EndGlobal
